
Microsoft Visual Studio Solution File, Format Version 12.00
# Visual Studio Version 17
VisualStudioVersion = 17.0.31903.59
MinimumVisualStudioVersion = 10.0.40219.1
Project("{2150E333-8FDC-42A3-9474-1A3956D46DE8}") = "src", "src", "{87427FF5-8F78-4F33-9872-5DE6BBCAD14A}"
EndProject
Project("{2150E333-8FDC-42A3-9474-1A3956D46DE8}") = "tests", "tests", "{5354DEB8-F6FD-47B2-8E84-E9096A07CB2F}"
EndProject
Project("{FAE04EC0-301F-11D3-BF4B-00C04F79EFBC}") = "BSIOAuth.Domains", "BSIOAuth.Domains\BSIOAuth.Domains.csproj", "{DCEE7956-D4A6-4BC9-B57B-D0F00E684BA2}"
EndProject
Project("{FAE04EC0-301F-11D3-BF4B-00C04F79EFBC}") = "BSIOAuth.Infrastructure", "BSIOAuth.Infrastructure\BSIOAuth.Infrastructure.csproj", "{57ED0AA5-7A9A-4985-B585-BAB6889AD364}"
EndProject
Project("{FAE04EC0-301F-11D3-BF4B-00C04F79EFBC}") = "BSIOAuth.Application", "BSIOAuth.Application\BSIOAuth.Application.csproj", "{C1DD1EDE-9362-4C66-B15D-DBF3611536D4}"
EndProject
Project("{FAE04EC0-301F-11D3-BF4B-00C04F79EFBC}") = "BSIOAuth.Persistance", "BSIOAuth.Persistance\BSIOAuth.Persistance.csproj", "{55C24D16-D5E1-4800-BCC6-37B75E09311A}"
EndProject
Project("{FAE04EC0-301F-11D3-BF4B-00C04F79EFBC}") = "BSIOAuth.Common", "BSIOAuth.Common\BSIOAuth.Common.csproj", "{2D5F61B7-25D7-4025-B7AC-ED2416F4A599}"
EndProject
Project("{FAE04EC0-301F-11D3-BF4B-00C04F79EFBC}") = "BSIOAuth.UI", "BSIOAuth.UI\BSIOAuth.UI.csproj", "{3BEBA727-3D90-4F90-B6E6-F7B4737BBE62}"
EndProject
Global
	GlobalSection(SolutionConfigurationPlatforms) = preSolution
		Debug|Any CPU = Debug|Any CPU
		Release|Any CPU = Release|Any CPU
	EndGlobalSection
	GlobalSection(SolutionProperties) = preSolution
		HideSolutionNode = FALSE
	EndGlobalSection
	GlobalSection(NestedProjects) = preSolution
		{DCEE7956-D4A6-4BC9-B57B-D0F00E684BA2} = {87427FF5-8F78-4F33-9872-5DE6BBCAD14A}
		{57ED0AA5-7A9A-4985-B585-BAB6889AD364} = {87427FF5-8F78-4F33-9872-5DE6BBCAD14A}
		{C1DD1EDE-9362-4C66-B15D-DBF3611536D4} = {87427FF5-8F78-4F33-9872-5DE6BBCAD14A}
		{55C24D16-D5E1-4800-BCC6-37B75E09311A} = {87427FF5-8F78-4F33-9872-5DE6BBCAD14A}
		{2D5F61B7-25D7-4025-B7AC-ED2416F4A599} = {87427FF5-8F78-4F33-9872-5DE6BBCAD14A}
		{3BEBA727-3D90-4F90-B6E6-F7B4737BBE62} = {87427FF5-8F78-4F33-9872-5DE6BBCAD14A}
	EndGlobalSection
	GlobalSection(ProjectConfigurationPlatforms) = postSolution
		{DCEE7956-D4A6-4BC9-B57B-D0F00E684BA2}.Debug|Any CPU.ActiveCfg = Debug|Any CPU
		{DCEE7956-D4A6-4BC9-B57B-D0F00E684BA2}.Debug|Any CPU.Build.0 = Debug|Any CPU
		{DCEE7956-D4A6-4BC9-B57B-D0F00E684BA2}.Release|Any CPU.ActiveCfg = Release|Any CPU
		{DCEE7956-D4A6-4BC9-B57B-D0F00E684BA2}.Release|Any CPU.Build.0 = Release|Any CPU
		{57ED0AA5-7A9A-4985-B585-BAB6889AD364}.Debug|Any CPU.ActiveCfg = Debug|Any CPU
		{57ED0AA5-7A9A-4985-B585-BAB6889AD364}.Debug|Any CPU.Build.0 = Debug|Any CPU
		{57ED0AA5-7A9A-4985-B585-BAB6889AD364}.Release|Any CPU.ActiveCfg = Release|Any CPU
		{57ED0AA5-7A9A-4985-B585-BAB6889AD364}.Release|Any CPU.Build.0 = Release|Any CPU
		{C1DD1EDE-9362-4C66-B15D-DBF3611536D4}.Debug|Any CPU.ActiveCfg = Debug|Any CPU
		{C1DD1EDE-9362-4C66-B15D-DBF3611536D4}.Debug|Any CPU.Build.0 = Debug|Any CPU
		{C1DD1EDE-9362-4C66-B15D-DBF3611536D4}.Release|Any CPU.ActiveCfg = Release|Any CPU
		{C1DD1EDE-9362-4C66-B15D-DBF3611536D4}.Release|Any CPU.Build.0 = Release|Any CPU
		{55C24D16-D5E1-4800-BCC6-37B75E09311A}.Debug|Any CPU.ActiveCfg = Debug|Any CPU
		{55C24D16-D5E1-4800-BCC6-37B75E09311A}.Debug|Any CPU.Build.0 = Debug|Any CPU
		{55C24D16-D5E1-4800-BCC6-37B75E09311A}.Release|Any CPU.ActiveCfg = Release|Any CPU
		{55C24D16-D5E1-4800-BCC6-37B75E09311A}.Release|Any CPU.Build.0 = Release|Any CPU
		{2D5F61B7-25D7-4025-B7AC-ED2416F4A599}.Debug|Any CPU.ActiveCfg = Debug|Any CPU
		{2D5F61B7-25D7-4025-B7AC-ED2416F4A599}.Debug|Any CPU.Build.0 = Debug|Any CPU
		{2D5F61B7-25D7-4025-B7AC-ED2416F4A599}.Release|Any CPU.ActiveCfg = Release|Any CPU
		{2D5F61B7-25D7-4025-B7AC-ED2416F4A599}.Release|Any CPU.Build.0 = Release|Any CPU
		{3BEBA727-3D90-4F90-B6E6-F7B4737BBE62}.Debug|Any CPU.ActiveCfg = Debug|Any CPU
		{3BEBA727-3D90-4F90-B6E6-F7B4737BBE62}.Debug|Any CPU.Build.0 = Debug|Any CPU
		{3BEBA727-3D90-4F90-B6E6-F7B4737BBE62}.Release|Any CPU.ActiveCfg = Release|Any CPU
		{3BEBA727-3D90-4F90-B6E6-F7B4737BBE62}.Release|Any CPU.Build.0 = Release|Any CPU
	EndGlobalSection
EndGlobal
